
Microsoft Visual Studio Solution File, Format Version 12.00
# Visual Studio Version 16
VisualStudioVersion = 16.0.30503.244
MinimumVisualStudioVersion = 10.0.40219.1
Project("{FAE04EC0-301F-11D3-BF4B-00C04F79EFBC}") = "SchoolDatabase", "SchoolDatabase.csproj", "{648E430C-1A04-4935-93B6-4EADCFE22C61}"
EndProject
Global
	GlobalSection(SolutionConfigurationPlatforms) = preSolution
		Debug|Any CPU = Debug|Any CPU
		Release|Any CPU = Release|Any CPU
	EndGlobalSection
	GlobalSection(ProjectConfigurationPlatforms) = postSolution
		{648E430C-1A04-4935-93B6-4EADCFE22C61}.Debug|Any CPU.ActiveCfg = Debug|Any CPU
		{648E430C-1A04-4935-93B6-4EADCFE22C61}.Debug|Any CPU.Build.0 = Debug|Any CPU
		{648E430C-1A04-4935-93B6-4EADCFE22C61}.Release|Any CPU.ActiveCfg = Release|Any CPU
		{648E430C-1A04-4935-93B6-4EADCFE22C61}.Release|Any CPU.Build.0 = Release|Any CPU
	EndGlobalSection
	GlobalSection(SolutionProperties) = preSolution
		HideSolutionNode = FALSE
	EndGlobalSection
	GlobalSection(ExtensibilityGlobals) = postSolution
		SolutionGuid = {4FE672A2-B8F4-4A64-98A0-44E28799466A}
	EndGlobalSection
EndGlobal
